
Microsoft Visual Studio Solution File, Format Version 12.00
# Visual Studio 15
VisualStudioVersion = 15.0.27309.0
MinimumVisualStudioVersion = 10.0.40219.1
Project("{FAE04EC0-301F-11D3-BF4B-00C04F79EFBC}") = "WebApplication27", "WebApplication27\WebApplication27.csproj", "{4259262A-F1EC-4A43-9CD6-88E5A9AFFE22}"
EndProject
Global
	GlobalSection(SolutionConfigurationPlatforms) = preSolution
		Debug|Any CPU = Debug|Any CPU
		Release|Any CPU = Release|Any CPU
	EndGlobalSection
	GlobalSection(ProjectConfigurationPlatforms) = postSolution
		{4259262A-F1EC-4A43-9CD6-88E5A9AFFE22}.Debug|Any CPU.ActiveCfg = Debug|Any CPU
		{4259262A-F1EC-4A43-9CD6-88E5A9AFFE22}.Debug|Any CPU.Build.0 = Debug|Any CPU
		{4259262A-F1EC-4A43-9CD6-88E5A9AFFE22}.Release|Any CPU.ActiveCfg = Release|Any CPU
		{4259262A-F1EC-4A43-9CD6-88E5A9AFFE22}.Release|Any CPU.Build.0 = Release|Any CPU
	EndGlobalSection
	GlobalSection(SolutionProperties) = preSolution
		HideSolutionNode = FALSE
	EndGlobalSection
	GlobalSection(ExtensibilityGlobals) = postSolution
		SolutionGuid = {73EDE273-B323-43C5-A4B1-558EE09D616B}
	EndGlobalSection
EndGlobal
